
Microsoft Visual Studio Solution File, Format Version 12.00
# Visual Studio Version 16
VisualStudioVersion = 16.0.30011.22
MinimumVisualStudioVersion = 10.0.40219.1
Project("{9A19103F-16F7-4668-BE54-9A1E7A4F7556}") = "DiscordBot", "DiscordBot\DiscordBot.csproj", "{03AF046B-63E5-413A-8957-7046668CC934}"
EndProject
Project("{9A19103F-16F7-4668-BE54-9A1E7A4F7556}") = "WiseOldManConnector", "WiseOldManConnector\WiseOldManConnector.csproj", "{45E122BA-FF26-4CA1-A486-0888EBE3E1DF}"
EndProject
Project("{9A19103F-16F7-4668-BE54-9A1E7A4F7556}") = "WiseOldManConnectorTests", "WiseOldManConnectorTests\WiseOldManConnectorTests.csproj", "{82AEFA8D-4B01-4335-9C2A-093C38D53060}"
EndProject
Project("{9A19103F-16F7-4668-BE54-9A1E7A4F7556}") = "Discord.Addons.Interactive", "Discord.Addons.Interactive\Discord.Addons.Interactive.csproj", "{33B818B6-42EC-45D0-AEBF-C02F9CF0C21C}"
EndProject
Project("{FAE04EC0-301F-11D3-BF4B-00C04F79EFBC}") = "WOMReader", "WOMReader\WOMReader.csproj", "{029E1330-814A-4550-AD0E-9201C925D05A}"
EndProject
Project("{FAE04EC0-301F-11D3-BF4B-00C04F79EFBC}") = "DiscordBot.Dashboard", "DiscordBot.Dashboard\DiscordBot.Dashboard.csproj", "{FC94A713-C1D4-4157-A92F-0053EB5E445B}"
EndProject
Project("{FAE04EC0-301F-11D3-BF4B-00C04F79EFBC}") = "WebAppTests", "tests\WebAppTests\WebAppTests.csproj", "{A6E2A171-2AEA-45BF-A755-AA0507A83A8B}"
EndProject
Project("{2150E333-8FDC-42A3-9474-1A3956D46DE8}") = "src", "src", "{A351EEF0-57AA-452F-9B4A-8A3024B2ED22}"
EndProject
Project("{2150E333-8FDC-42A3-9474-1A3956D46DE8}") = "tests", "tests", "{9B8341FC-30E7-4A4A-85A9-1AF37107A8A2}"
EndProject
Project("{FAE04EC0-301F-11D3-BF4B-00C04F79EFBC}") = "DiscordBot.Services", "DiscordBot.Services\DiscordBot.Services.csproj", "{95256B1A-0DF7-4903-8739-49A2AE3BA81C}"
EndProject
Project("{FAE04EC0-301F-11D3-BF4B-00C04F79EFBC}") = "DiscordBot.Common", "DiscordBot.Common\DiscordBot.Common.csproj", "{CB13A5E2-E068-4574-BC76-F6F0B34CB35C}"
EndProject
Project("{FAE04EC0-301F-11D3-BF4B-00C04F79EFBC}") = "DiscordBot.Data", "DiscordBot.Data\DiscordBot.Data.csproj", "{C66D5950-0EB3-4D50-AC2B-EE5D461E38EC}"
EndProject
Project("{FAE04EC0-301F-11D3-BF4B-00C04F79EFBC}") = "DiscordBot.ServicesTests", "tests\DiscordBot.ServicesTests\DiscordBot.ServicesTests.csproj", "{906FDFFA-15BD-4627-BABF-BED29482FFB3}"
EndProject
Project("{2150E333-8FDC-42A3-9474-1A3956D46DE8}") = "etc", "etc", "{F5253CCC-91DB-40BC-8909-A549124193D1}"
ProjectSection(SolutionItems) = preProject
	README.md = README.md
EndProjectSection
EndProject
Global
	GlobalSection(SolutionConfigurationPlatforms) = preSolution
		Debug|Any CPU = Debug|Any CPU
		Release|Any CPU = Release|Any CPU
	EndGlobalSection
	GlobalSection(ProjectConfigurationPlatforms) = postSolution
		{03AF046B-63E5-413A-8957-7046668CC934}.Debug|Any CPU.ActiveCfg = Debug|Any CPU
		{03AF046B-63E5-413A-8957-7046668CC934}.Debug|Any CPU.Build.0 = Debug|Any CPU
		{03AF046B-63E5-413A-8957-7046668CC934}.Release|Any CPU.ActiveCfg = Release|Any CPU
		{03AF046B-63E5-413A-8957-7046668CC934}.Release|Any CPU.Build.0 = Release|Any CPU
		{45E122BA-FF26-4CA1-A486-0888EBE3E1DF}.Debug|Any CPU.ActiveCfg = Debug|Any CPU
		{45E122BA-FF26-4CA1-A486-0888EBE3E1DF}.Debug|Any CPU.Build.0 = Debug|Any CPU
		{45E122BA-FF26-4CA1-A486-0888EBE3E1DF}.Release|Any CPU.ActiveCfg = Release|Any CPU
		{45E122BA-FF26-4CA1-A486-0888EBE3E1DF}.Release|Any CPU.Build.0 = Release|Any CPU
		{82AEFA8D-4B01-4335-9C2A-093C38D53060}.Debug|Any CPU.ActiveCfg = Debug|Any CPU
		{82AEFA8D-4B01-4335-9C2A-093C38D53060}.Debug|Any CPU.Build.0 = Debug|Any CPU
		{82AEFA8D-4B01-4335-9C2A-093C38D53060}.Release|Any CPU.ActiveCfg = Release|Any CPU
		{33B818B6-42EC-45D0-AEBF-C02F9CF0C21C}.Debug|Any CPU.ActiveCfg = Debug|Any CPU
		{33B818B6-42EC-45D0-AEBF-C02F9CF0C21C}.Debug|Any CPU.Build.0 = Debug|Any CPU
		{33B818B6-42EC-45D0-AEBF-C02F9CF0C21C}.Release|Any CPU.ActiveCfg = Release|Any CPU
		{33B818B6-42EC-45D0-AEBF-C02F9CF0C21C}.Release|Any CPU.Build.0 = Release|Any CPU
		{029E1330-814A-4550-AD0E-9201C925D05A}.Debug|Any CPU.ActiveCfg = Debug|Any CPU
		{029E1330-814A-4550-AD0E-9201C925D05A}.Debug|Any CPU.Build.0 = Debug|Any CPU
		{029E1330-814A-4550-AD0E-9201C925D05A}.Release|Any CPU.ActiveCfg = Release|Any CPU
		{029E1330-814A-4550-AD0E-9201C925D05A}.Release|Any CPU.Build.0 = Release|Any CPU
		{FC94A713-C1D4-4157-A92F-0053EB5E445B}.Debug|Any CPU.ActiveCfg = Debug|Any CPU
		{FC94A713-C1D4-4157-A92F-0053EB5E445B}.Debug|Any CPU.Build.0 = Debug|Any CPU
		{FC94A713-C1D4-4157-A92F-0053EB5E445B}.Release|Any CPU.ActiveCfg = Release|Any CPU
		{FC94A713-C1D4-4157-A92F-0053EB5E445B}.Release|Any CPU.Build.0 = Release|Any CPU
		{A6E2A171-2AEA-45BF-A755-AA0507A83A8B}.Debug|Any CPU.ActiveCfg = Debug|Any CPU
		{A6E2A171-2AEA-45BF-A755-AA0507A83A8B}.Debug|Any CPU.Build.0 = Debug|Any CPU
		{A6E2A171-2AEA-45BF-A755-AA0507A83A8B}.Release|Any CPU.ActiveCfg = Release|Any CPU
		{A6E2A171-2AEA-45BF-A755-AA0507A83A8B}.Release|Any CPU.Build.0 = Release|Any CPU
		{95256B1A-0DF7-4903-8739-49A2AE3BA81C}.Debug|Any CPU.ActiveCfg = Debug|Any CPU
		{95256B1A-0DF7-4903-8739-49A2AE3BA81C}.Debug|Any CPU.Build.0 = Debug|Any CPU
		{95256B1A-0DF7-4903-8739-49A2AE3BA81C}.Release|Any CPU.ActiveCfg = Release|Any CPU
		{95256B1A-0DF7-4903-8739-49A2AE3BA81C}.Release|Any CPU.Build.0 = Release|Any CPU
		{CB13A5E2-E068-4574-BC76-F6F0B34CB35C}.Debug|Any CPU.ActiveCfg = Debug|Any CPU
		{CB13A5E2-E068-4574-BC76-F6F0B34CB35C}.Debug|Any CPU.Build.0 = Debug|Any CPU
		{CB13A5E2-E068-4574-BC76-F6F0B34CB35C}.Release|Any CPU.ActiveCfg = Release|Any CPU
		{CB13A5E2-E068-4574-BC76-F6F0B34CB35C}.Release|Any CPU.Build.0 = Release|Any CPU
		{C66D5950-0EB3-4D50-AC2B-EE5D461E38EC}.Debug|Any CPU.ActiveCfg = Debug|Any CPU
		{C66D5950-0EB3-4D50-AC2B-EE5D461E38EC}.Debug|Any CPU.Build.0 = Debug|Any CPU
		{C66D5950-0EB3-4D50-AC2B-EE5D461E38EC}.Release|Any CPU.ActiveCfg = Release|Any CPU
		{C66D5950-0EB3-4D50-AC2B-EE5D461E38EC}.Release|Any CPU.Build.0 = Release|Any CPU
		{906FDFFA-15BD-4627-BABF-BED29482FFB3}.Debug|Any CPU.ActiveCfg = Debug|Any CPU
		{906FDFFA-15BD-4627-BABF-BED29482FFB3}.Debug|Any CPU.Build.0 = Debug|Any CPU
		{906FDFFA-15BD-4627-BABF-BED29482FFB3}.Release|Any CPU.ActiveCfg = Release|Any CPU
		{906FDFFA-15BD-4627-BABF-BED29482FFB3}.Release|Any CPU.Build.0 = Release|Any CPU
	EndGlobalSection
	GlobalSection(SolutionProperties) = preSolution
		HideSolutionNode = FALSE
	EndGlobalSection
	GlobalSection(ExtensibilityGlobals) = postSolution
		SolutionGuid = {1D4B7A22-63DF-40BA-B5CB-FA6DB0131B08}
	EndGlobalSection
	GlobalSection(NestedProjects) = preSolution
		{33B818B6-42EC-45D0-AEBF-C02F9CF0C21C} = {A351EEF0-57AA-452F-9B4A-8A3024B2ED22}
		{03AF046B-63E5-413A-8957-7046668CC934} = {A351EEF0-57AA-452F-9B4A-8A3024B2ED22}
		{FC94A713-C1D4-4157-A92F-0053EB5E445B} = {A351EEF0-57AA-452F-9B4A-8A3024B2ED22}
		{45E122BA-FF26-4CA1-A486-0888EBE3E1DF} = {A351EEF0-57AA-452F-9B4A-8A3024B2ED22}
		{029E1330-814A-4550-AD0E-9201C925D05A} = {A351EEF0-57AA-452F-9B4A-8A3024B2ED22}
		{A6E2A171-2AEA-45BF-A755-AA0507A83A8B} = {9B8341FC-30E7-4A4A-85A9-1AF37107A8A2}
		{82AEFA8D-4B01-4335-9C2A-093C38D53060} = {9B8341FC-30E7-4A4A-85A9-1AF37107A8A2}
		{95256B1A-0DF7-4903-8739-49A2AE3BA81C} = {A351EEF0-57AA-452F-9B4A-8A3024B2ED22}
		{CB13A5E2-E068-4574-BC76-F6F0B34CB35C} = {A351EEF0-57AA-452F-9B4A-8A3024B2ED22}
		{C66D5950-0EB3-4D50-AC2B-EE5D461E38EC} = {A351EEF0-57AA-452F-9B4A-8A3024B2ED22}
		{906FDFFA-15BD-4627-BABF-BED29482FFB3} = {9B8341FC-30E7-4A4A-85A9-1AF37107A8A2}
	EndGlobalSection
EndGlobal
