
Microsoft Visual Studio Solution File, Format Version 12.00
# Visual Studio Version 16
VisualStudioVersion = 16.0.30011.22
MinimumVisualStudioVersion = 10.0.40219.1
Project("{9A19103F-16F7-4668-BE54-9A1E7A4F7556}") = "DiscordBot", "DiscordBot\DiscordBot.csproj", "{03AF046B-63E5-413A-8957-7046668CC934}"
EndProject
Project("{9A19103F-16F7-4668-BE54-9A1E7A4F7556}") = "WiseOldManConnector", "WiseOldManConnector\WiseOldManConnector.csproj", "{45E122BA-FF26-4CA1-A486-0888EBE3E1DF}"
EndProject
Project("{9A19103F-16F7-4668-BE54-9A1E7A4F7556}") = "WiseOldManConnectorTests", "WiseOldManConnectorTests\WiseOldManConnectorTests.csproj", "{82AEFA8D-4B01-4335-9C2A-093C38D53060}"
EndProject
Project("{9A19103F-16F7-4668-BE54-9A1E7A4F7556}") = "Discord.Addons.Interactive", "Discord.Addons.Interactive\Discord.Addons.Interactive.csproj", "{33B818B6-42EC-45D0-AEBF-C02F9CF0C21C}"
EndProject
Project("{FAE04EC0-301F-11D3-BF4B-00C04F79EFBC}") = "WOMReader", "WOMReader\WOMReader.csproj", "{029E1330-814A-4550-AD0E-9201C925D05A}"
EndProject
Project("{FAE04EC0-301F-11D3-BF4B-00C04F79EFBC}") = "WebApp", "WebApp\WebApp.csproj", "{FC94A713-C1D4-4157-A92F-0053EB5E445B}"
EndProject
Project("{FAE04EC0-301F-11D3-BF4B-00C04F79EFBC}") = "WebAppTests", "tests\WebAppTests\WebAppTests.csproj", "{A6E2A171-2AEA-45BF-A755-AA0507A83A8B}"
EndProject
Global
	GlobalSection(SolutionConfigurationPlatforms) = preSolution
		Debug|Any CPU = Debug|Any CPU
		Release|Any CPU = Release|Any CPU
	EndGlobalSection
	GlobalSection(ProjectConfigurationPlatforms) = postSolution
		{03AF046B-63E5-413A-8957-7046668CC934}.Debug|Any CPU.ActiveCfg = Debug|Any CPU
		{03AF046B-63E5-413A-8957-7046668CC934}.Debug|Any CPU.Build.0 = Debug|Any CPU
		{03AF046B-63E5-413A-8957-7046668CC934}.Release|Any CPU.ActiveCfg = Release|Any CPU
		{03AF046B-63E5-413A-8957-7046668CC934}.Release|Any CPU.Build.0 = Release|Any CPU
		{45E122BA-FF26-4CA1-A486-0888EBE3E1DF}.Debug|Any CPU.ActiveCfg = Debug|Any CPU
		{45E122BA-FF26-4CA1-A486-0888EBE3E1DF}.Debug|Any CPU.Build.0 = Debug|Any CPU
		{45E122BA-FF26-4CA1-A486-0888EBE3E1DF}.Release|Any CPU.ActiveCfg = Release|Any CPU
		{45E122BA-FF26-4CA1-A486-0888EBE3E1DF}.Release|Any CPU.Build.0 = Release|Any CPU
		{82AEFA8D-4B01-4335-9C2A-093C38D53060}.Debug|Any CPU.ActiveCfg = Debug|Any CPU
		{82AEFA8D-4B01-4335-9C2A-093C38D53060}.Debug|Any CPU.Build.0 = Debug|Any CPU
		{82AEFA8D-4B01-4335-9C2A-093C38D53060}.Release|Any CPU.ActiveCfg = Release|Any CPU
		{33B818B6-42EC-45D0-AEBF-C02F9CF0C21C}.Debug|Any CPU.ActiveCfg = Debug|Any CPU
		{33B818B6-42EC-45D0-AEBF-C02F9CF0C21C}.Debug|Any CPU.Build.0 = Debug|Any CPU
		{33B818B6-42EC-45D0-AEBF-C02F9CF0C21C}.Release|Any CPU.ActiveCfg = Release|Any CPU
		{33B818B6-42EC-45D0-AEBF-C02F9CF0C21C}.Release|Any CPU.Build.0 = Release|Any CPU
		{029E1330-814A-4550-AD0E-9201C925D05A}.Debug|Any CPU.ActiveCfg = Debug|Any CPU
		{029E1330-814A-4550-AD0E-9201C925D05A}.Debug|Any CPU.Build.0 = Debug|Any CPU
		{029E1330-814A-4550-AD0E-9201C925D05A}.Release|Any CPU.ActiveCfg = Release|Any CPU
		{029E1330-814A-4550-AD0E-9201C925D05A}.Release|Any CPU.Build.0 = Release|Any CPU
		{FC94A713-C1D4-4157-A92F-0053EB5E445B}.Debug|Any CPU.ActiveCfg = Debug|Any CPU
		{FC94A713-C1D4-4157-A92F-0053EB5E445B}.Debug|Any CPU.Build.0 = Debug|Any CPU
		{FC94A713-C1D4-4157-A92F-0053EB5E445B}.Release|Any CPU.ActiveCfg = Release|Any CPU
		{FC94A713-C1D4-4157-A92F-0053EB5E445B}.Release|Any CPU.Build.0 = Release|Any CPU
		{A6E2A171-2AEA-45BF-A755-AA0507A83A8B}.Debug|Any CPU.ActiveCfg = Debug|Any CPU
		{A6E2A171-2AEA-45BF-A755-AA0507A83A8B}.Debug|Any CPU.Build.0 = Debug|Any CPU
		{A6E2A171-2AEA-45BF-A755-AA0507A83A8B}.Release|Any CPU.ActiveCfg = Release|Any CPU
		{A6E2A171-2AEA-45BF-A755-AA0507A83A8B}.Release|Any CPU.Build.0 = Release|Any CPU
	EndGlobalSection
	GlobalSection(SolutionProperties) = preSolution
		HideSolutionNode = FALSE
	EndGlobalSection
	GlobalSection(ExtensibilityGlobals) = postSolution
		SolutionGuid = {1D4B7A22-63DF-40BA-B5CB-FA6DB0131B08}
	EndGlobalSection
EndGlobal
